
Microsoft Visual Studio Solution File, Format Version 12.00
# Visual Studio Version 17
VisualStudioVersion = 17.11.35219.272
MinimumVisualStudioVersion = 10.0.40219.1
Project("{FAE04EC0-301F-11D3-BF4B-00C04F79EFBC}") = "Lab4v2", "Lab4v2.csproj", "{FEE9B678-CBF9-47A2-A5B8-54DDF130428A}"
EndProject
Global
	GlobalSection(SolutionConfigurationPlatforms) = preSolution
		Debug|Any CPU = Debug|Any CPU
		Release|Any CPU = Release|Any CPU
	EndGlobalSection
	GlobalSection(ProjectConfigurationPlatforms) = postSolution
		{FEE9B678-CBF9-47A2-A5B8-54DDF130428A}.Debug|Any CPU.ActiveCfg = Debug|Any CPU
		{FEE9B678-CBF9-47A2-A5B8-54DDF130428A}.Debug|Any CPU.Build.0 = Debug|Any CPU
		{FEE9B678-CBF9-47A2-A5B8-54DDF130428A}.Release|Any CPU.ActiveCfg = Release|Any CPU
		{FEE9B678-CBF9-47A2-A5B8-54DDF130428A}.Release|Any CPU.Build.0 = Release|Any CPU
	EndGlobalSection
	GlobalSection(SolutionProperties) = preSolution
		HideSolutionNode = FALSE
	EndGlobalSection
	GlobalSection(ExtensibilityGlobals) = postSolution
<<<<<<< HEAD
		SolutionGuid = {B1821038-5759-4BD7-AE36-C59CFD38769D}
=======
		SolutionGuid = {CE67D62E-50A9-414F-8FAF-EFA79360A268}
>>>>>>> master
	EndGlobalSection
EndGlobal
